
Microsoft Visual Studio Solution File, Format Version 12.00
# Visual Studio 15
VisualStudioVersion = 15.0.26730.16
MinimumVisualStudioVersion = 10.0.40219.1
Project("{2150E333-8FDC-42A3-9474-1A3956D46DE8}") = "Tests", "Tests", "{D57F2E68-7C9D-45CA-809F-EA251FE22AB6}"
EndProject
Project("{FAE04EC0-301F-11D3-BF4B-00C04F79EFBC}") = "Cqrs", "src\Cqrs\Cqrs.csproj", "{0685342C-44D0-4CB5-A59F-A2AD1E278EE8}"
EndProject
Project("{FAE04EC0-301F-11D3-BF4B-00C04F79EFBC}") = "Framework.Cqrs.Tests", "test\unit\Framework.Cqrs.Tests\Framework.Cqrs.Tests.csproj", "{E8B08A58-5DDE-4AF0-BEE0-476B1CCDFD73}"
EndProject
Global
	GlobalSection(SolutionConfigurationPlatforms) = preSolution
		Debug|Any CPU = Debug|Any CPU
		Release|Any CPU = Release|Any CPU
	EndGlobalSection
	GlobalSection(ProjectConfigurationPlatforms) = postSolution
		{0685342C-44D0-4CB5-A59F-A2AD1E278EE8}.Debug|Any CPU.ActiveCfg = Debug|Any CPU
		{0685342C-44D0-4CB5-A59F-A2AD1E278EE8}.Debug|Any CPU.Build.0 = Debug|Any CPU
		{0685342C-44D0-4CB5-A59F-A2AD1E278EE8}.Release|Any CPU.ActiveCfg = Release|Any CPU
		{0685342C-44D0-4CB5-A59F-A2AD1E278EE8}.Release|Any CPU.Build.0 = Release|Any CPU
		{E8B08A58-5DDE-4AF0-BEE0-476B1CCDFD73}.Debug|Any CPU.ActiveCfg = Debug|Any CPU
		{E8B08A58-5DDE-4AF0-BEE0-476B1CCDFD73}.Debug|Any CPU.Build.0 = Debug|Any CPU
		{E8B08A58-5DDE-4AF0-BEE0-476B1CCDFD73}.Release|Any CPU.ActiveCfg = Release|Any CPU
		{E8B08A58-5DDE-4AF0-BEE0-476B1CCDFD73}.Release|Any CPU.Build.0 = Release|Any CPU
	EndGlobalSection
	GlobalSection(SolutionProperties) = preSolution
		HideSolutionNode = FALSE
	EndGlobalSection
	GlobalSection(NestedProjects) = preSolution
		{E8B08A58-5DDE-4AF0-BEE0-476B1CCDFD73} = {D57F2E68-7C9D-45CA-809F-EA251FE22AB6}
	EndGlobalSection
	GlobalSection(ExtensibilityGlobals) = postSolution
		SolutionGuid = {A97911A4-880F-47BD-819F-045875E0FD8C}
	EndGlobalSection
EndGlobal
