
Microsoft Visual Studio Solution File, Format Version 12.00
# Visual Studio 15
VisualStudioVersion = 15.0.26730.16
MinimumVisualStudioVersion = 10.0.40219.1
Project("{FAE04EC0-301F-11D3-BF4B-00C04F79EFBC}") = "Cqrs.Queries", "src\Cqrs.Queries\Cqrs.Queries.csproj", "{C10E16B0-6860-4260-8BF0-3779B28B4F22}"
EndProject
Project("{FAE04EC0-301F-11D3-BF4B-00C04F79EFBC}") = "Cqrs.Mediator", "src\Cqrs.Mediator\Cqrs.Mediator.csproj", "{C9028945-AD5C-45CE-AC86-AB8BE46FB661}"
EndProject
Project("{9A19103F-16F7-4668-BE54-9A1E7A4F7556}") = "Cqrs.Commands", "src\Cqrs.Commands\Cqrs.Commands.csproj", "{C3227B07-99CB-4CD6-B918-9EA8FAEAC83F}"
EndProject
Project("{2150E333-8FDC-42A3-9474-1A3956D46DE8}") = "Tests", "Tests", "{D57F2E68-7C9D-45CA-809F-EA251FE22AB6}"
EndProject
Project("{FAE04EC0-301F-11D3-BF4B-00C04F79EFBC}") = "Cqrs.Commands.Tests", "test\unit\Cqrs.Commands.Tests\Cqrs.Commands.Tests.csproj", "{943A50D5-B17C-4309-9EBE-5B15C3870B1A}"
EndProject
Project("{FAE04EC0-301F-11D3-BF4B-00C04F79EFBC}") = "Cqrs.Queries.Tests", "test\unit\Cqrs.Queries.Tests\Cqrs.Queries.Tests.csproj", "{D4E3209D-FB69-4BA6-8AB1-3D006DE0C61E}"
EndProject
Project("{FAE04EC0-301F-11D3-BF4B-00C04F79EFBC}") = "Cqrs.Mediator.Tests", "test\unit\Cqrs.Mediator.Tests\Cqrs.Mediator.Tests.csproj", "{0439A23D-DD22-47F4-A962-2D37270D84DE}"
EndProject
Global
	GlobalSection(SolutionConfigurationPlatforms) = preSolution
		Debug|Any CPU = Debug|Any CPU
		Release|Any CPU = Release|Any CPU
	EndGlobalSection
	GlobalSection(ProjectConfigurationPlatforms) = postSolution
		{C10E16B0-6860-4260-8BF0-3779B28B4F22}.Debug|Any CPU.ActiveCfg = Debug|Any CPU
		{C10E16B0-6860-4260-8BF0-3779B28B4F22}.Debug|Any CPU.Build.0 = Debug|Any CPU
		{C10E16B0-6860-4260-8BF0-3779B28B4F22}.Release|Any CPU.ActiveCfg = Release|Any CPU
		{C10E16B0-6860-4260-8BF0-3779B28B4F22}.Release|Any CPU.Build.0 = Release|Any CPU
		{C9028945-AD5C-45CE-AC86-AB8BE46FB661}.Debug|Any CPU.ActiveCfg = Debug|Any CPU
		{C9028945-AD5C-45CE-AC86-AB8BE46FB661}.Debug|Any CPU.Build.0 = Debug|Any CPU
		{C9028945-AD5C-45CE-AC86-AB8BE46FB661}.Release|Any CPU.ActiveCfg = Release|Any CPU
		{C9028945-AD5C-45CE-AC86-AB8BE46FB661}.Release|Any CPU.Build.0 = Release|Any CPU
		{C3227B07-99CB-4CD6-B918-9EA8FAEAC83F}.Debug|Any CPU.ActiveCfg = Debug|Any CPU
		{C3227B07-99CB-4CD6-B918-9EA8FAEAC83F}.Debug|Any CPU.Build.0 = Debug|Any CPU
		{C3227B07-99CB-4CD6-B918-9EA8FAEAC83F}.Release|Any CPU.ActiveCfg = Release|Any CPU
		{C3227B07-99CB-4CD6-B918-9EA8FAEAC83F}.Release|Any CPU.Build.0 = Release|Any CPU
		{943A50D5-B17C-4309-9EBE-5B15C3870B1A}.Debug|Any CPU.ActiveCfg = Debug|Any CPU
		{943A50D5-B17C-4309-9EBE-5B15C3870B1A}.Debug|Any CPU.Build.0 = Debug|Any CPU
		{943A50D5-B17C-4309-9EBE-5B15C3870B1A}.Release|Any CPU.ActiveCfg = Release|Any CPU
		{943A50D5-B17C-4309-9EBE-5B15C3870B1A}.Release|Any CPU.Build.0 = Release|Any CPU
		{D4E3209D-FB69-4BA6-8AB1-3D006DE0C61E}.Debug|Any CPU.ActiveCfg = Debug|Any CPU
		{D4E3209D-FB69-4BA6-8AB1-3D006DE0C61E}.Debug|Any CPU.Build.0 = Debug|Any CPU
		{D4E3209D-FB69-4BA6-8AB1-3D006DE0C61E}.Release|Any CPU.ActiveCfg = Release|Any CPU
		{D4E3209D-FB69-4BA6-8AB1-3D006DE0C61E}.Release|Any CPU.Build.0 = Release|Any CPU
		{0439A23D-DD22-47F4-A962-2D37270D84DE}.Debug|Any CPU.ActiveCfg = Debug|Any CPU
		{0439A23D-DD22-47F4-A962-2D37270D84DE}.Debug|Any CPU.Build.0 = Debug|Any CPU
		{0439A23D-DD22-47F4-A962-2D37270D84DE}.Release|Any CPU.ActiveCfg = Release|Any CPU
		{0439A23D-DD22-47F4-A962-2D37270D84DE}.Release|Any CPU.Build.0 = Release|Any CPU
	EndGlobalSection
	GlobalSection(SolutionProperties) = preSolution
		HideSolutionNode = FALSE
	EndGlobalSection
	GlobalSection(NestedProjects) = preSolution
		{943A50D5-B17C-4309-9EBE-5B15C3870B1A} = {D57F2E68-7C9D-45CA-809F-EA251FE22AB6}
		{D4E3209D-FB69-4BA6-8AB1-3D006DE0C61E} = {D57F2E68-7C9D-45CA-809F-EA251FE22AB6}
		{0439A23D-DD22-47F4-A962-2D37270D84DE} = {D57F2E68-7C9D-45CA-809F-EA251FE22AB6}
	EndGlobalSection
	GlobalSection(ExtensibilityGlobals) = postSolution
		SolutionGuid = {A97911A4-880F-47BD-819F-045875E0FD8C}
	EndGlobalSection
EndGlobal
